
Microsoft Visual Studio Solution File, Format Version 12.00
# Visual Studio Version 17
VisualStudioVersion = 17.0.31903.59
MinimumVisualStudioVersion = 10.0.40219.1
Project("{FAE04EC0-301F-11D3-BF4B-00C04F79EFBC}") = "RestaurantAnalytics.Core", "RestaurantAnalytics.Core\RestaurantAnalytics.Core.csproj", "{E98B2887-C3E9-4F34-91C7-E918AB1EDA14}"
EndProject
Project("{FAE04EC0-301F-11D3-BF4B-00C04F79EFBC}") = "RestaurantAnalytics.Application", "RestaurantAnalytics.Application\RestaurantAnalytics.Application.csproj", "{E76E7D1C-1565-4E67-99A3-771C26F2FFA2}"
EndProject
Project("{FAE04EC0-301F-11D3-BF4B-00C04F79EFBC}") = "RestaurantAnalytics.Infrastructure", "RestaurantAnalytics.Infrastructure\RestaurantAnalytics.Infrastructure.csproj", "{F14A9641-DEC8-40DF-A233-DC7C0D405C1A}"
EndProject
Project("{FAE04EC0-301F-11D3-BF4B-00C04F79EFBC}") = "RestaurantAnalytics.Web", "RestaurantAnalytics.Web\RestaurantAnalytics.Web.csproj", "{C1761EE5-C5E8-4136-B237-5F6FC972AE38}"
EndProject
Global
	GlobalSection(SolutionConfigurationPlatforms) = preSolution
		Debug|Any CPU = Debug|Any CPU
		Release|Any CPU = Release|Any CPU
	EndGlobalSection
	GlobalSection(ProjectConfigurationPlatforms) = postSolution
		{E98B2887-C3E9-4F34-91C7-E918AB1EDA14}.Debug|Any CPU.ActiveCfg = Debug|Any CPU
		{E98B2887-C3E9-4F34-91C7-E918AB1EDA14}.Debug|Any CPU.Build.0 = Debug|Any CPU
		{E98B2887-C3E9-4F34-91C7-E918AB1EDA14}.Release|Any CPU.ActiveCfg = Release|Any CPU
		{E98B2887-C3E9-4F34-91C7-E918AB1EDA14}.Release|Any CPU.Build.0 = Release|Any CPU
		{E76E7D1C-1565-4E67-99A3-771C26F2FFA2}.Debug|Any CPU.ActiveCfg = Debug|Any CPU
		{E76E7D1C-1565-4E67-99A3-771C26F2FFA2}.Debug|Any CPU.Build.0 = Debug|Any CPU
		{E76E7D1C-1565-4E67-99A3-771C26F2FFA2}.Release|Any CPU.ActiveCfg = Release|Any CPU
		{E76E7D1C-1565-4E67-99A3-771C26F2FFA2}.Release|Any CPU.Build.0 = Release|Any CPU
		{F14A9641-DEC8-40DF-A233-DC7C0D405C1A}.Debug|Any CPU.ActiveCfg = Debug|Any CPU
		{F14A9641-DEC8-40DF-A233-DC7C0D405C1A}.Debug|Any CPU.Build.0 = Debug|Any CPU
		{F14A9641-DEC8-40DF-A233-DC7C0D405C1A}.Release|Any CPU.ActiveCfg = Release|Any CPU
		{F14A9641-DEC8-40DF-A233-DC7C0D405C1A}.Release|Any CPU.Build.0 = Release|Any CPU
		{C1761EE5-C5E8-4136-B237-5F6FC972AE38}.Debug|Any CPU.ActiveCfg = Debug|Any CPU
		{C1761EE5-C5E8-4136-B237-5F6FC972AE38}.Debug|Any CPU.Build.0 = Debug|Any CPU
		{C1761EE5-C5E8-4136-B237-5F6FC972AE38}.Release|Any CPU.ActiveCfg = Release|Any CPU
		{C1761EE5-C5E8-4136-B237-5F6FC972AE38}.Release|Any CPU.Build.0 = Release|Any CPU
	EndGlobalSection
	GlobalSection(SolutionProperties) = preSolution
		HideSolutionNode = FALSE
	EndGlobalSection
EndGlobal
